PODS:
  - audioplayers_darwin (0.0.1):
    - Flutter
  - connectivity_plus (0.0.1):
    - Flutter
    - FlutterMacOS
  - Firebase/Analytics (11.4.0):
    - Firebase/Core
  - Firebase/Core (11.4.0):
    - Firebase/CoreOnly
    - FirebaseAnalytics (~> 11.4.0)
  - Firebase/CoreOnly (11.4.0):
    - FirebaseCore (= 11.4.0)
  - Firebase/Messaging (11.4.0):
    - Firebase/CoreOnly
    - FirebaseMessaging (~> 11.4.0)
  - Firebase/RemoteConfig (11.4.0):
    - Firebase/CoreOnly
    - FirebaseRemoteConfig (~> 11.4.0)
  - firebase_analytics (11.3.6):
    - Firebase/Analytics (= 11.4.0)
    - firebase_core
    - Flutter
  - firebase_core (3.8.1):
    - Firebase/CoreOnly (= 11.4.0)
    - Flutter
  - firebase_messaging (15.1.6):
    - Firebase/Messaging (= 11.4.0)
    - firebase_core
    - Flutter
  - firebase_remote_config (5.2.0):
    - Firebase/RemoteConfig (= 11.4.0)
    - firebase_core
    - Flutter
  - FirebaseABTesting (11.4.0):
    - FirebaseCore (~> 11.0)
  - FirebaseAnalytics (11.4.0):
    - FirebaseAnalytics/AdIdSupport (= 11.4.0)
    - FirebaseCore (~> 11.0)
    - FirebaseInstallations (~> 11.0)
    - GoogleUtilities/AppDelegateSwizzler (~> 8.0)
    - GoogleUtilities/MethodSwizzler (~> 8.0)
    - GoogleUtilities/Network (~> 8.0)
    - "GoogleUtilities/NSData+zlib (~> 8.0)"
    - nanopb (~> 3.30910.0)
  - FirebaseAnalytics/AdIdSupport (11.4.0):
    - FirebaseCore (~> 11.0)
    - FirebaseInstallations (~> 11.0)
    - GoogleAppMeasurement (= 11.4.0)
    - GoogleUtilities/AppDelegateSwizzler (~> 8.0)
    - GoogleUtilities/MethodSwizzler (~> 8.0)
    - GoogleUtilities/Network (~> 8.0)
    - "GoogleUtilities/NSData+zlib (~> 8.0)"
    - nanopb (~> 3.30910.0)
  - FirebaseCore (11.4.0):
    - FirebaseCoreInternal (~> 11.0)
    - GoogleUtilities/Environment (~> 8.0)
    - GoogleUtilities/Logger (~> 8.0)
  - FirebaseCoreInternal (11.6.0):
    - "GoogleUtilities/NSData+zlib (~> 8.0)"
  - FirebaseInstallations (11.4.0):
    - FirebaseCore (~> 11.0)
    - GoogleUtilities/Environment (~> 8.0)
    - GoogleUtilities/UserDefaults (~> 8.0)
    - PromisesObjC (~> 2.4)
  - FirebaseMessaging (11.4.0):
    - FirebaseCore (~> 11.0)
    - FirebaseInstallations (~> 11.0)
    - GoogleDataTransport (~> 10.0)
    - GoogleUtilities/AppDelegateSwizzler (~> 8.0)
    - GoogleUtilities/Environment (~> 8.0)
    - GoogleUtilities/Reachability (~> 8.0)
    - GoogleUtilities/UserDefaults (~> 8.0)
    - nanopb (~> 3.30910.0)
  - FirebaseRemoteConfig (11.4.0):
    - FirebaseABTesting (~> 11.0)
    - FirebaseCore (~> 11.0)
    - FirebaseInstallations (~> 11.0)
    - FirebaseRemoteConfigInterop (~> 11.0)
    - FirebaseSharedSwift (~> 11.0)
    - GoogleUtilities/Environment (~> 8.0)
    - "GoogleUtilities/NSData+zlib (~> 8.0)"
  - FirebaseRemoteConfigInterop (11.6.0)
  - FirebaseSharedSwift (11.6.0)
  - Flutter (1.0.0)
  - flutter_compass_v2 (0.0.1):
    - Flutter
  - flutter_local_notifications (0.0.1):
    - Flutter
  - flutter_qiblah (0.0.1):
    - Flutter
  - geocoding_ios (1.0.5):
    - Flutter
  - geolocator_apple (1.2.0):
    - Flutter
  - Google-Mobile-Ads-SDK (11.10.0):
    - GoogleUserMessagingPlatform (>= 1.1)
  - google_mobile_ads (5.2.0):
    - Flutter
    - Google-Mobile-Ads-SDK (~> 11.10.0)
    - webview_flutter_wkwebview
  - GoogleAppMeasurement (11.4.0):
    - GoogleAppMeasurement/AdIdSupport (= 11.4.0)
    - GoogleUtilities/AppDelegateSwizzler (~> 8.0)
    - GoogleUtilities/MethodSwizzler (~> 8.0)
    - GoogleUtilities/Network (~> 8.0)
    - "GoogleUtilities/NSData+zlib (~> 8.0)"
    - nanopb (~> 3.30910.0)
  - GoogleAppMeasurement/AdIdSupport (11.4.0):
    - GoogleAppMeasurement/WithoutAdIdSupport (= 11.4.0)
    - GoogleUtilities/AppDelegateSwizzler (~> 8.0)
    - GoogleUtilities/MethodSwizzler (~> 8.0)
    - GoogleUtilities/Network (~> 8.0)
    - "GoogleUtilities/NSData+zlib (~> 8.0)"
    - nanopb (~> 3.30910.0)
  - GoogleAppMeasurement/WithoutAdIdSupport (11.4.0):
    - GoogleUtilities/AppDelegateSwizzler (~> 8.0)
    - GoogleUtilities/MethodSwizzler (~> 8.0)
    - GoogleUtilities/Network (~> 8.0)
    - "GoogleUtilities/NSData+zlib (~> 8.0)"
    - nanopb (~> 3.30910.0)
  - GoogleDataTransport (10.1.0):
    - nanopb (~> 3.30910.0)
    - PromisesObjC (~> 2.4)
  - GoogleUserMessagingPlatform (2.7.0)
  - GoogleUtilities/AppDelegateSwizzler (8.0.2):
    - GoogleUtilities/Environment
    - GoogleUtilities/Logger
    - GoogleUtilities/Network
    - GoogleUtilities/Privacy
  - GoogleUtilities/Environment (8.0.2):
    - GoogleUtilities/Privacy
  - GoogleUtilities/Logger (8.0.2):
    - GoogleUtilities/Environment
    - GoogleUtilities/Privacy
  - GoogleUtilities/MethodSwizzler (8.0.2):
    - GoogleUtilities/Logger
    - GoogleUtilities/Privacy
  - GoogleUtilities/Network (8.0.2):
    - GoogleUtilities/Logger
    - "GoogleUtilities/NSData+zlib"
    - GoogleUtilities/Privacy
    - GoogleUtilities/Reachability
  - "GoogleUtilities/NSData+zlib (8.0.2)":
    - GoogleUtilities/Privacy
  - GoogleUtilities/Privacy (8.0.2)
  - GoogleUtilities/Reachability (8.0.2):
    - GoogleUtilities/Logger
    - GoogleUtilities/Privacy
  - GoogleUtilities/UserDefaults (8.0.2):
    - GoogleUtilities/Logger
    - GoogleUtilities/Privacy
  - in_app_purchase_storekit (0.0.1):
    - Flutter
    - FlutterMacOS
  - in_app_review (2.0.0):
    - Flutter
  - nanopb (3.30910.0):
    - nanopb/decode (= 3.30910.0)
    - nanopb/encode (= 3.30910.0)
  - nanopb/decode (3.30910.0)
  - nanopb/encode (3.30910.0)
  - package_info_plus (0.4.5):
    - Flutter
  - path_provider_foundation (0.0.1):
    - Flutter
    - FlutterMacOS
  - PromisesObjC (2.4.0)
  - share_plus (0.0.1):
    - Flutter
  - shared_preferences_foundation (0.0.1):
    - Flutter
    - FlutterMacOS
  - sqflite_darwin (0.0.4):
    - Flutter
    - FlutterMacOS
  - url_launcher_ios (0.0.1):
    - Flutter
  - webview_flutter_wkwebview (0.0.1):
    - Flutter
    - FlutterMacOS

DEPENDENCIES:
  - audioplayers_darwin (from `.symlinks/plugins/audioplayers_darwin/ios`)
  - connectivity_plus (from `.symlinks/plugins/connectivity_plus/darwin`)
  - firebase_analytics (from `.symlinks/plugins/firebase_analytics/ios`)
  - firebase_core (from `.symlinks/plugins/firebase_core/ios`)
  - firebase_messaging (from `.symlinks/plugins/firebase_messaging/ios`)
  - firebase_remote_config (from `.symlinks/plugins/firebase_remote_config/ios`)
  - Flutter (from `Flutter`)
  - flutter_compass_v2 (from `.symlinks/plugins/flutter_compass_v2/ios`)
  - flutter_local_notifications (from `.symlinks/plugins/flutter_local_notifications/ios`)
  - flutter_qiblah (from `.symlinks/plugins/flutter_qiblah/ios`)
  - geocoding_ios (from `.symlinks/plugins/geocoding_ios/ios`)
  - geolocator_apple (from `.symlinks/plugins/geolocator_apple/ios`)
  - google_mobile_ads (from `.symlinks/plugins/google_mobile_ads/ios`)
  - in_app_purchase_storekit (from `.symlinks/plugins/in_app_purchase_storekit/darwin`)
  - in_app_review (from `.symlinks/plugins/in_app_review/ios`)
  - package_info_plus (from `.symlinks/plugins/package_info_plus/ios`)
  - path_provider_foundation (from `.symlinks/plugins/path_provider_foundation/darwin`)
  - share_plus (from `.symlinks/plugins/share_plus/ios`)
  - shared_preferences_foundation (from `.symlinks/plugins/shared_preferences_foundation/darwin`)
  - sqflite_darwin (from `.symlinks/plugins/sqflite_darwin/darwin`)
  - url_launcher_ios (from `.symlinks/plugins/url_launcher_ios/ios`)
  - webview_flutter_wkwebview (from `.symlinks/plugins/webview_flutter_wkwebview/darwin`)

SPEC REPOS:
  trunk:
    - Firebase
    - FirebaseABTesting
    - FirebaseAnalytics
    - FirebaseCore
    - FirebaseCoreInternal
    - FirebaseInstallations
    - FirebaseMessaging
    - FirebaseRemoteConfig
    - FirebaseRemoteConfigInterop
    - FirebaseSharedSwift
    - Google-Mobile-Ads-SDK
    - GoogleAppMeasurement
    - GoogleDataTransport
    - GoogleUserMessagingPlatform
    - GoogleUtilities
    - nanopb
    - PromisesObjC

EXTERNAL SOURCES:
  audioplayers_darwin:
    :path: ".symlinks/plugins/audioplayers_darwin/ios"
  connectivity_plus:
    :path: ".symlinks/plugins/connectivity_plus/darwin"
  firebase_analytics:
    :path: ".symlinks/plugins/firebase_analytics/ios"
  firebase_core:
    :path: ".symlinks/plugins/firebase_core/ios"
  firebase_messaging:
    :path: ".symlinks/plugins/firebase_messaging/ios"
  firebase_remote_config:
    :path: ".symlinks/plugins/firebase_remote_config/ios"
  Flutter:
    :path: Flutter
  flutter_compass_v2:
    :path: ".symlinks/plugins/flutter_compass_v2/ios"
  flutter_local_notifications:
    :path: ".symlinks/plugins/flutter_local_notifications/ios"
  flutter_qiblah:
    :path: ".symlinks/plugins/flutter_qiblah/ios"
  geocoding_ios:
    :path: ".symlinks/plugins/geocoding_ios/ios"
  geolocator_apple:
    :path: ".symlinks/plugins/geolocator_apple/ios"
  google_mobile_ads:
    :path: ".symlinks/plugins/google_mobile_ads/ios"
  in_app_purchase_storekit:
    :path: ".symlinks/plugins/in_app_purchase_storekit/darwin"
  in_app_review:
    :path: ".symlinks/plugins/in_app_review/ios"
  package_info_plus:
    :path: ".symlinks/plugins/package_info_plus/ios"
  path_provider_foundation:
    :path: ".symlinks/plugins/path_provider_foundation/darwin"
  share_plus:
    :path: ".symlinks/plugins/share_plus/ios"
  shared_preferences_foundation:
    :path: ".symlinks/plugins/shared_preferences_foundation/darwin"
  sqflite_darwin:
    :path: ".symlinks/plugins/sqflite_darwin/darwin"
  url_launcher_ios:
    :path: ".symlinks/plugins/url_launcher_ios/ios"
  webview_flutter_wkwebview:
    :path: ".symlinks/plugins/webview_flutter_wkwebview/darwin"

SPEC CHECKSUMS:
  audioplayers_darwin: 877d9a4d06331c5c374595e46e16453ac7eafa40
  connectivity_plus: 18382e7311ba19efcaee94442b23b32507b20695
  Firebase: cf1b19f21410b029b6786a54e9764a0cacad3c99
  firebase_analytics: 2815af29d49c1a994652abd37a5b001a88bc7b75
  firebase_core: 418aed674e9a0b8b6088aec16cde82a811f6261f
  firebase_messaging: 98619a0572d82cfb3668e78859ba9f1110e268c9
  firebase_remote_config: 015a36be218a38943c2273d63b33bc983b3d7bb6
  FirebaseABTesting: aef1719704fade00b200827e7973f352efc4caee
  FirebaseAnalytics: 3feef9ae8733c567866342a1000691baaa7cad49
  FirebaseCore: e0510f1523bc0eb21653cac00792e1e2bd6f1771
  FirebaseCoreInternal: d98ab91e2d80a56d7b246856a8885443b302c0c2
  FirebaseInstallations: 6ef4a1c7eb2a61ee1f74727d7f6ce2e72acf1414
  FirebaseMessaging: f8a160d99c2c2e5babbbcc90c4a3e15db036aee2
  FirebaseRemoteConfig: 7655681d02417bc9b287338edb9d721ff79e1a4a
  FirebaseRemoteConfigInterop: e75e348953352a000331eb77caf01e424248e176
  FirebaseSharedSwift: a4e5dfca3e210633bb3a3dfb94176c019211948b
  Flutter: e0871f40cf51350855a761d2e70bf5af5b9b5de7
  flutter_compass_v2: f7704b078814b705e76ae2bd48fe48ae6cd067df
  flutter_local_notifications: df98d66e515e1ca797af436137b4459b160ad8c9
  flutter_qiblah: f69eeb708d127a2634073ab1f27771c979928f50
  geocoding_ios: d7460f56e80e118d57678efe5c2cdc888739ff18
  geolocator_apple: 9bcea1918ff7f0062d98345d238ae12718acfbc1
  Google-Mobile-Ads-SDK: 13e6e98edfd78ad8d8a791edb927658cc260a56f
  google_mobile_ads: 2a538d8e42b1813809782792e48f8cf4374c2180
  GoogleAppMeasurement: 987769c4ca6b968f2479fbcc9fe3ce34af454b8e
  GoogleDataTransport: aae35b7ea0c09004c3797d53c8c41f66f219d6a7
  GoogleUserMessagingPlatform: a8b56893477f67212fbc8411c139e61d463349f5
  GoogleUtilities: 26a3abef001b6533cf678d3eb38fd3f614b7872d
  in_app_purchase_storekit: 8c3b0b3eb1b0f04efbff401c3de6266d4258d433
  in_app_review: a31b5257259646ea78e0e35fc914979b0031d011
  nanopb: fad817b59e0457d11a5dfbde799381cd727c1275
  package_info_plus: c0502532a26c7662a62a356cebe2692ec5fe4ec4
  path_provider_foundation: 2b6b4c569c0fb62ec74538f866245ac84301af46
  PromisesObjC: f5707f49cb48b9636751c5b2e7d227e43fba9f47
  share_plus: 8b6f8b3447e494cca5317c8c3073de39b3600d1f
  shared_preferences_foundation: fcdcbc04712aee1108ac7fda236f363274528f78
  sqflite_darwin: 5a7236e3b501866c1c9befc6771dfd73ffb8702d
  url_launcher_ios: 5334b05cef931de560670eeae103fd3e431ac3fe
  webview_flutter_wkwebview: 0982481e3d9c78fd5c6f62a002fcd24fc791f1e4

PODFILE CHECKSUM: d3d44dd8f85904f876a474551ba2cd729dcc2c08

COCOAPODS: 1.15.2
